// !$*UTF8*$!
{
	archiveVersion = 1;
	classes = {
	};
	objectVersion = 56;
	objects = {

/* Begin PBXBuildFile section */
		B90022E12C71E3AA009F4240 /* VideoGalleryPresenter.swift in Sources */ = {isa = PBXBuildFile; fileRef = B90022E02C71E3AA009F4240 /* VideoGalleryPresenter.swift */; };
		B90022E32C71E42B009F4240 /* VideoGalleryRouter.swift in Sources */ = {isa = PBXBuildFile; fileRef = B90022E22C71E42B009F4240 /* VideoGalleryRouter.swift */; };
		B90022E52C71E5B0009F4240 /* VideoViewController.swift in Sources */ = {isa = PBXBuildFile; fileRef = B90022E42C71E5B0009F4240 /* VideoViewController.swift */; };
		B90022E72C71E671009F4240 /* VideoPresenter.swift in Sources */ = {isa = PBXBuildFile; fileRef = B90022E62C71E671009F4240 /* VideoPresenter.swift */; };
		B90022E92C71E6E3009F4240 /* DetailVideoModel.swift in Sources */ = {isa = PBXBuildFile; fileRef = B90022E82C71E6E3009F4240 /* DetailVideoModel.swift */; };
		B90022EB2C71EA34009F4240 /* VideoGalleryModel.swift in Sources */ = {isa = PBXBuildFile; fileRef = B90022EA2C71EA34009F4240 /* VideoGalleryModel.swift */; };
		B90022F32C71F654009F4240 /* VideoResponse.swift in Sources */ = {isa = PBXBuildFile; fileRef = B90022F12C71F654009F4240 /* VideoResponse.swift */; };
		B90022F42C71F654009F4240 /* mockVideo.json in Resources */ = {isa = PBXBuildFile; fileRef = B90022F22C71F654009F4240 /* mockVideo.json */; };
		B94603682C711C6C0025AA3B /* Kingfisher in Frameworks */ = {isa = PBXBuildFile; productRef = B94603672C711C6C0025AA3B /* Kingfisher */; };
		B946036A2C711ECD0025AA3B /* PhotoGalleryModel.swift in Sources */ = {isa = PBXBuildFile; fileRef = B94603692C711ECD0025AA3B /* PhotoGalleryModel.swift */; };
		B946036C2C7127E10025AA3B /* UserDefaultsStorage.swift in Sources */ = {isa = PBXBuildFile; fileRef = B946036B2C7127E10025AA3B /* UserDefaultsStorage.swift */; };
		B946036F2C712DA60025AA3B /* PhotoPresenter.swift in Sources */ = {isa = PBXBuildFile; fileRef = B946036E2C712DA60025AA3B /* PhotoPresenter.swift */; };
		B94603712C713AFC0025AA3B /* DetailPhotoModel.swift in Sources */ = {isa = PBXBuildFile; fileRef = B94603702C713AFC0025AA3B /* DetailPhotoModel.swift */; };
		B94603732C713CCE0025AA3B /* Date+extension.swift in Sources */ = {isa = PBXBuildFile; fileRef = B94603722C713CCE0025AA3B /* Date+extension.swift */; };
		B95A2B6A2C70C794001F239D /* GalleryContainerPresenter.swift in Sources */ = {isa = PBXBuildFile; fileRef = B95A2B692C70C794001F239D /* GalleryContainerPresenter.swift */; };
		B95A2B6C2C70C8DF001F239D /* GalleryContainerRouter.swift in Sources */ = {isa = PBXBuildFile; fileRef = B95A2B6B2C70C8DF001F239D /* GalleryContainerRouter.swift */; };
		B95A2B6E2C70DEF9001F239D /* KeychainStorage.swift in Sources */ = {isa = PBXBuildFile; fileRef = B95A2B6D2C70DEF9001F239D /* KeychainStorage.swift */; };
		B95A2B702C70E0AA001F239D /* AccessTokenModel.swift in Sources */ = {isa = PBXBuildFile; fileRef = B95A2B6F2C70E0AA001F239D /* AccessTokenModel.swift */; };
		B95A2B722C70EB7C001F239D /* PhotoGalleryPresenter.swift in Sources */ = {isa = PBXBuildFile; fileRef = B95A2B712C70EB7C001F239D /* PhotoGalleryPresenter.swift */; };
		B95A2B742C70EBE1001F239D /* PhotoGalleryRouter.swift in Sources */ = {isa = PBXBuildFile; fileRef = B95A2B732C70EBE1001F239D /* PhotoGalleryRouter.swift */; };
		B95A2B762C70EF28001F239D /* PhotoViewController.swift in Sources */ = {isa = PBXBuildFile; fileRef = B95A2B752C70EF28001F239D /* PhotoViewController.swift */; };
		B95A2B7B2C710606001F239D /* mockPhotos.json in Resources */ = {isa = PBXBuildFile; fileRef = B95A2B7A2C710606001F239D /* mockPhotos.json */; };
		B95A2B7D2C7106E5001F239D /* PhotoResponse.swift in Sources */ = {isa = PBXBuildFile; fileRef = B95A2B7C2C7106E5001F239D /* PhotoResponse.swift */; };
		B95A2B7F2C71081C001F239D /* NetworkService.swift in Sources */ = {isa = PBXBuildFile; fileRef = B95A2B7E2C71081C001F239D /* NetworkService.swift */; };
		B9813DB22C6BCAB100E311F3 /* Strings.swift in Sources */ = {isa = PBXBuildFile; fileRef = B9813DB12C6BCAB100E311F3 /* Strings.swift */; };
		B9813DB42C6BCC6200E311F3 /* LoginPresenter.swift in Sources */ = {isa = PBXBuildFile; fileRef = B9813DB32C6BCC6200E311F3 /* LoginPresenter.swift */; };
		B9813DB92C6BCCE400E311F3 /* Builder.swift in Sources */ = {isa = PBXBuildFile; fileRef = B9813DB82C6BCCE400E311F3 /* Builder.swift */; };
		B9813DBB2C6BCF9700E311F3 /* LoginView.swift in Sources */ = {isa = PBXBuildFile; fileRef = B9813DBA2C6BCF9700E311F3 /* LoginView.swift */; };
		B9813DBF2C6CB68800E311F3 /* LoginRouter.swift in Sources */ = {isa = PBXBuildFile; fileRef = B9813DBE2C6CB68800E311F3 /* LoginRouter.swift */; };
		B9813DC12C6CB6FC00E311F3 /* Router.swift in Sources */ = {isa = PBXBuildFile; fileRef = B9813DC02C6CB6FC00E311F3 /* Router.swift */; };
		B98803B22C72433800A3672B /* UIViewController+extension.swift in Sources */ = {isa = PBXBuildFile; fileRef = B98803B12C72433800A3672B /* UIViewController+extension.swift */; };
		B9B4BE052C6D53E300C770BC /* AuthService.swift in Sources */ = {isa = PBXBuildFile; fileRef = B9B4BE042C6D53E300C770BC /* AuthService.swift */; };
		B9B4BE1B2C6E990600C770BC /* Alamofire in Frameworks */ = {isa = PBXBuildFile; productRef = B9B4BE1A2C6E990600C770BC /* Alamofire */; };
		B9B4BE202C6EA37B00C770BC /* GalleryContainerViewController.swift in Sources */ = {isa = PBXBuildFile; fileRef = B9B4BE1C2C6EA37B00C770BC /* GalleryContainerViewController.swift */; };
		B9B4BE212C6EA37B00C770BC /* PhotoGalleryViewController.swift in Sources */ = {isa = PBXBuildFile; fileRef = B9B4BE1D2C6EA37B00C770BC /* PhotoGalleryViewController.swift */; };
		B9B4BE222C6EA37B00C770BC /* VideoGalleryViewController.swift in Sources */ = {isa = PBXBuildFile; fileRef = B9B4BE1E2C6EA37B00C770BC /* VideoGalleryViewController.swift */; };
		B9B4BE242C6EA7C800C770BC /* PhotoCell.swift in Sources */ = {isa = PBXBuildFile; fileRef = B9B4BE232C6EA7C800C770BC /* PhotoCell.swift */; };
		B9B4BE272C6EB6E200C770BC /* VideoCell.swift in Sources */ = {isa = PBXBuildFile; fileRef = B9B4BE262C6EB6E200C770BC /* VideoCell.swift */; };
		B9B4BE2B2C6F429B00C770BC /* SnapKit in Frameworks */ = {isa = PBXBuildFile; productRef = B9B4BE2A2C6F429B00C770BC /* SnapKit */; };
		B9D330412C7088D1003791C2 /* KeychainSwift in Frameworks */ = {isa = PBXBuildFile; productRef = B9D330402C7088D1003791C2 /* KeychainSwift */; };
		B9D330432C708B7E003791C2 /* AccessTokenResponse.swift in Sources */ = {isa = PBXBuildFile; fileRef = B9D330422C708B7E003791C2 /* AccessTokenResponse.swift */; };
		B9D330452C709C40003791C2 /* ErrorModel.swift in Sources */ = {isa = PBXBuildFile; fileRef = B9D330442C709C40003791C2 /* ErrorModel.swift */; };
		B9E789D62C6B88DC0057901E /* AppDelegate.swift in Sources */ = {isa = PBXBuildFile; fileRef = B9E789D52C6B88DC0057901E /* AppDelegate.swift */; };
		B9E789D82C6B88DC0057901E /* SceneDelegate.swift in Sources */ = {isa = PBXBuildFile; fileRef = B9E789D72C6B88DC0057901E /* SceneDelegate.swift */; };
		B9E789DA2C6B88DC0057901E /* LoginViewController.swift in Sources */ = {isa = PBXBuildFile; fileRef = B9E789D92C6B88DC0057901E /* LoginViewController.swift */; };
		B9E789DF2C6B88DE0057901E /* Assets.xcassets in Resources */ = {isa = PBXBuildFile; fileRef = B9E789DE2C6B88DE0057901E /* Assets.xcassets */; };
		B9E789E22C6B88DE0057901E /* Base in Resources */ = {isa = PBXBuildFile; fileRef = B9E789E12C6B88DE0057901E /* Base */; };
/* End PBXBuildFile section */

/* Begin PBXFileReference section */
		B90022E02C71E3AA009F4240 /* VideoGalleryPresenter.swift */ = {isa = PBXFileReference; lastKnownFileType = sourcecode.swift; path = VideoGalleryPresenter.swift; sourceTree = "<group>"; };
		B90022E22C71E42B009F4240 /* VideoGalleryRouter.swift */ = {isa = PBXFileReference; lastKnownFileType = sourcecode.swift; path = VideoGalleryRouter.swift; sourceTree = "<group>"; };
		B90022E42C71E5B0009F4240 /* VideoViewController.swift */ = {isa = PBXFileReference; lastKnownFileType = sourcecode.swift; path = VideoViewController.swift; sourceTree = "<group>"; };
		B90022E62C71E671009F4240 /* VideoPresenter.swift */ = {isa = PBXFileReference; lastKnownFileType = sourcecode.swift; path = VideoPresenter.swift; sourceTree = "<group>"; };
		B90022E82C71E6E3009F4240 /* DetailVideoModel.swift */ = {isa = PBXFileReference; lastKnownFileType = sourcecode.swift; path = DetailVideoModel.swift; sourceTree = "<group>"; };
		B90022EA2C71EA34009F4240 /* VideoGalleryModel.swift */ = {isa = PBXFileReference; lastKnownFileType = sourcecode.swift; path = VideoGalleryModel.swift; sourceTree = "<group>"; };
		B90022F12C71F654009F4240 /* VideoResponse.swift */ = {isa = PBXFileReference; fileEncoding = 4; lastKnownFileType = sourcecode.swift; path = VideoResponse.swift; sourceTree = "<group>"; };
		B90022F22C71F654009F4240 /* mockVideo.json */ = {isa = PBXFileReference; fileEncoding = 4; lastKnownFileType = text.json; path = mockVideo.json; sourceTree = "<group>"; };
		B94603692C711ECD0025AA3B /* PhotoGalleryModel.swift */ = {isa = PBXFileReference; lastKnownFileType = sourcecode.swift; path = PhotoGalleryModel.swift; sourceTree = "<group>"; };
		B946036B2C7127E10025AA3B /* UserDefaultsStorage.swift */ = {isa = PBXFileReference; lastKnownFileType = sourcecode.swift; path = UserDefaultsStorage.swift; sourceTree = "<group>"; };
		B946036E2C712DA60025AA3B /* PhotoPresenter.swift */ = {isa = PBXFileReference; lastKnownFileType = sourcecode.swift; path = PhotoPresenter.swift; sourceTree = "<group>"; };
		B94603702C713AFC0025AA3B /* DetailPhotoModel.swift */ = {isa = PBXFileReference; lastKnownFileType = sourcecode.swift; path = DetailPhotoModel.swift; sourceTree = "<group>"; };
		B94603722C713CCE0025AA3B /* Date+extension.swift */ = {isa = PBXFileReference; lastKnownFileType = sourcecode.swift; path = "Date+extension.swift"; sourceTree = "<group>"; };
		B95A2B692C70C794001F239D /* GalleryContainerPresenter.swift */ = {isa = PBXFileReference; lastKnownFileType = sourcecode.swift; path = GalleryContainerPresenter.swift; sourceTree = "<group>"; };
		B95A2B6B2C70C8DF001F239D /* GalleryContainerRouter.swift */ = {isa = PBXFileReference; lastKnownFileType = sourcecode.swift; path = GalleryContainerRouter.swift; sourceTree = "<group>"; };
		B95A2B6D2C70DEF9001F239D /* KeychainStorage.swift */ = {isa = PBXFileReference; lastKnownFileType = sourcecode.swift; path = KeychainStorage.swift; sourceTree = "<group>"; };
		B95A2B6F2C70E0AA001F239D /* AccessTokenModel.swift */ = {isa = PBXFileReference; lastKnownFileType = sourcecode.swift; path = AccessTokenModel.swift; sourceTree = "<group>"; };
		B95A2B712C70EB7C001F239D /* PhotoGalleryPresenter.swift */ = {isa = PBXFileReference; lastKnownFileType = sourcecode.swift; path = PhotoGalleryPresenter.swift; sourceTree = "<group>"; };
		B95A2B732C70EBE1001F239D /* PhotoGalleryRouter.swift */ = {isa = PBXFileReference; lastKnownFileType = sourcecode.swift; path = PhotoGalleryRouter.swift; sourceTree = "<group>"; };
		B95A2B752C70EF28001F239D /* PhotoViewController.swift */ = {isa = PBXFileReference; lastKnownFileType = sourcecode.swift; path = PhotoViewController.swift; sourceTree = "<group>"; };
		B95A2B7A2C710606001F239D /* mockPhotos.json */ = {isa = PBXFileReference; lastKnownFileType = text.json; path = mockPhotos.json; sourceTree = "<group>"; };
		B95A2B7C2C7106E5001F239D /* PhotoResponse.swift */ = {isa = PBXFileReference; lastKnownFileType = sourcecode.swift; path = PhotoResponse.swift; sourceTree = "<group>"; };
		B95A2B7E2C71081C001F239D /* NetworkService.swift */ = {isa = PBXFileReference; lastKnownFileType = sourcecode.swift; path = NetworkService.swift; sourceTree = "<group>"; };
		B9813DB12C6BCAB100E311F3 /* Strings.swift */ = {isa = PBXFileReference; lastKnownFileType = sourcecode.swift; path = Strings.swift; sourceTree = "<group>"; };
		B9813DB32C6BCC6200E311F3 /* LoginPresenter.swift */ = {isa = PBXFileReference; lastKnownFileType = sourcecode.swift; path = LoginPresenter.swift; sourceTree = "<group>"; };
		B9813DB82C6BCCE400E311F3 /* Builder.swift */ = {isa = PBXFileReference; lastKnownFileType = sourcecode.swift; path = Builder.swift; sourceTree = "<group>"; };
		B9813DBA2C6BCF9700E311F3 /* LoginView.swift */ = {isa = PBXFileReference; lastKnownFileType = sourcecode.swift; path = LoginView.swift; sourceTree = "<group>"; };
		B9813DBE2C6CB68800E311F3 /* LoginRouter.swift */ = {isa = PBXFileReference; lastKnownFileType = sourcecode.swift; path = LoginRouter.swift; sourceTree = "<group>"; };
		B9813DC02C6CB6FC00E311F3 /* Router.swift */ = {isa = PBXFileReference; lastKnownFileType = sourcecode.swift; path = Router.swift; sourceTree = "<group>"; };
		B98803B12C72433800A3672B /* UIViewController+extension.swift */ = {isa = PBXFileReference; lastKnownFileType = sourcecode.swift; path = "UIViewController+extension.swift"; sourceTree = "<group>"; };
		B9B4BE042C6D53E300C770BC /* AuthService.swift */ = {isa = PBXFileReference; lastKnownFileType = sourcecode.swift; path = AuthService.swift; sourceTree = "<group>"; };
		B9B4BE152C6E7F8100C770BC /* README.md */ = {isa = PBXFileReference; lastKnownFileType = net.daringfireball.markdown; path = README.md; sourceTree = "<group>"; };
		B9B4BE1C2C6EA37B00C770BC /* GalleryContainerViewController.swift */ = {isa = PBXFileReference; fileEncoding = 4; lastKnownFileType = sourcecode.swift; path = GalleryContainerViewController.swift; sourceTree = "<group>"; };
		B9B4BE1D2C6EA37B00C770BC /* PhotoGalleryViewController.swift */ = {isa = PBXFileReference; fileEncoding = 4; lastKnownFileType = sourcecode.swift; path = PhotoGalleryViewController.swift; sourceTree = "<group>"; };
		B9B4BE1E2C6EA37B00C770BC /* VideoGalleryViewController.swift */ = {isa = PBXFileReference; fileEncoding = 4; lastKnownFileType = sourcecode.swift; path = VideoGalleryViewController.swift; sourceTree = "<group>"; };
		B9B4BE232C6EA7C800C770BC /* PhotoCell.swift */ = {isa = PBXFileReference; lastKnownFileType = sourcecode.swift; path = PhotoCell.swift; sourceTree = "<group>"; };
		B9B4BE262C6EB6E200C770BC /* VideoCell.swift */ = {isa = PBXFileReference; lastKnownFileType = sourcecode.swift; path = VideoCell.swift; sourceTree = "<group>"; };
		B9D330422C708B7E003791C2 /* AccessTokenResponse.swift */ = {isa = PBXFileReference; lastKnownFileType = sourcecode.swift; path = AccessTokenResponse.swift; sourceTree = "<group>"; };
		B9D330442C709C40003791C2 /* ErrorModel.swift */ = {isa = PBXFileReference; lastKnownFileType = sourcecode.swift; path = ErrorModel.swift; sourceTree = "<group>"; };
		B9E789D22C6B88DC0057901E /* MobileUpGallery.app */ = {isa = PBXFileReference; explicitFileType = wrapper.application; includeInIndex = 0; path = MobileUpGallery.app; sourceTree = BUILT_PRODUCTS_DIR; };
		B9E789D52C6B88DC0057901E /* AppDelegate.swift */ = {isa = PBXFileReference; lastKnownFileType = sourcecode.swift; path = AppDelegate.swift; sourceTree = "<group>"; };
		B9E789D72C6B88DC0057901E /* SceneDelegate.swift */ = {isa = PBXFileReference; lastKnownFileType = sourcecode.swift; path = SceneDelegate.swift; sourceTree = "<group>"; };
		B9E789D92C6B88DC0057901E /* LoginViewController.swift */ = {isa = PBXFileReference; lastKnownFileType = sourcecode.swift; path = LoginViewController.swift; sourceTree = "<group>"; };
		B9E789DE2C6B88DE0057901E /* Assets.xcassets */ = {isa = PBXFileReference; lastKnownFileType = folder.assetcatalog; path = Assets.xcassets; sourceTree = "<group>"; };
		B9E789E12C6B88DE0057901E /* Base */ = {isa = PBXFileReference; lastKnownFileType = file.storyboard; name = Base; path = Base.lproj/LaunchScreen.storyboard; sourceTree = "<group>"; };
		B9E789E32C6B88DE0057901E /* Info.plist */ = {isa = PBXFileReference; lastKnownFileType = text.plist.xml; path = Info.plist; sourceTree = "<group>"; };
/* End PBXFileReference section */

/* Begin PBXFrameworksBuildPhase section */
		B9E789CF2C6B88DC0057901E /* Frameworks */ = {
			isa = PBXFrameworksBuildPhase;
			buildActionMask = 2147483647;
			files = (
				B94603682C711C6C0025AA3B /* Kingfisher in Frameworks */,
				B9D330412C7088D1003791C2 /* KeychainSwift in Frameworks */,
				B9B4BE1B2C6E990600C770BC /* Alamofire in Frameworks */,
				B9B4BE2B2C6F429B00C770BC /* SnapKit in Frameworks */,
			);
			runOnlyForDeploymentPostprocessing = 0;
		};
/* End PBXFrameworksBuildPhase section */

/* Begin PBXGroup section */
		B90022EC2C71EF58009F4240 /* Video */ = {
			isa = PBXGroup;
			children = (
				B90022E42C71E5B0009F4240 /* VideoViewController.swift */,
				B90022E62C71E671009F4240 /* VideoPresenter.swift */,
				B90022E82C71E6E3009F4240 /* DetailVideoModel.swift */,
			);
			path = Video;
			sourceTree = "<group>";
		};
		B946036D2C712D400025AA3B /* Photo */ = {
			isa = PBXGroup;
			children = (
				B95A2B752C70EF28001F239D /* PhotoViewController.swift */,
				B946036E2C712DA60025AA3B /* PhotoPresenter.swift */,
				B94603702C713AFC0025AA3B /* DetailPhotoModel.swift */,
			);
			path = Photo;
			sourceTree = "<group>";
		};
		B94603742C714F810025AA3B /* Extensions */ = {
			isa = PBXGroup;
			children = (
				B94603722C713CCE0025AA3B /* Date+extension.swift */,
				B98803B12C72433800A3672B /* UIViewController+extension.swift */,
			);
			path = Extensions;
			sourceTree = "<group>";
		};
		B9813DB02C6BC29B00E311F3 /* Login */ = {
			isa = PBXGroup;
			children = (
				B9E789D92C6B88DC0057901E /* LoginViewController.swift */,
				B9813DBA2C6BCF9700E311F3 /* LoginView.swift */,
				B9813DB32C6BCC6200E311F3 /* LoginPresenter.swift */,
				B9813DBE2C6CB68800E311F3 /* LoginRouter.swift */,
			);
			path = Login;
			sourceTree = "<group>";
		};
		B98803B62C72521400A3672B /* Storage */ = {
			isa = PBXGroup;
			children = (
				B95A2B6D2C70DEF9001F239D /* KeychainStorage.swift */,
				B946036B2C7127E10025AA3B /* UserDefaultsStorage.swift */,
			);
			path = Storage;
			sourceTree = "<group>";
		};
		B98803B72C72524100A3672B /* Network */ = {
			isa = PBXGroup;
			children = (
				B95A2B7E2C71081C001F239D /* NetworkService.swift */,
				B90022F12C71F654009F4240 /* VideoResponse.swift */,
				B95A2B7C2C7106E5001F239D /* PhotoResponse.swift */,
				B9D330422C708B7E003791C2 /* AccessTokenResponse.swift */,
				B90022F22C71F654009F4240 /* mockVideo.json */,
				B95A2B7A2C710606001F239D /* mockPhotos.json */,
			);
			path = Network;
			sourceTree = "<group>";
		};
		B98803B82C72587A00A3672B /* Models */ = {
			isa = PBXGroup;
			children = (
				B9D330442C709C40003791C2 /* ErrorModel.swift */,
				B95A2B6F2C70E0AA001F239D /* AccessTokenModel.swift */,
			);
			path = Models;
			sourceTree = "<group>";
		};
		B9B4BE062C6D53EF00C770BC /* Services */ = {
			isa = PBXGroup;
			children = (
				B9B4BE042C6D53E300C770BC /* AuthService.swift */,
				B98803B72C72524100A3672B /* Network */,
				B98803B62C72521400A3672B /* Storage */,
				B98803B82C72587A00A3672B /* Models */,
			);
			path = Services;
			sourceTree = "<group>";
		};
		B9B4BE1F2C6EA37B00C770BC /* GalleryContainer */ = {
			isa = PBXGroup;
			children = (
				B9B4BE1C2C6EA37B00C770BC /* GalleryContainerViewController.swift */,
				B95A2B692C70C794001F239D /* GalleryContainerPresenter.swift */,
				B95A2B6B2C70C8DF001F239D /* GalleryContainerRouter.swift */,
			);
			path = GalleryContainer;
			sourceTree = "<group>";
		};
		B9B4BE252C6EB58A00C770BC /* PhotoGallery */ = {
			isa = PBXGroup;
			children = (
				B9B4BE1D2C6EA37B00C770BC /* PhotoGalleryViewController.swift */,
				B95A2B712C70EB7C001F239D /* PhotoGalleryPresenter.swift */,
				B94603692C711ECD0025AA3B /* PhotoGalleryModel.swift */,
				B95A2B732C70EBE1001F239D /* PhotoGalleryRouter.swift */,
				B9B4BE232C6EA7C800C770BC /* PhotoCell.swift */,
			);
			path = PhotoGallery;
			sourceTree = "<group>";
		};
		B9B4BE282C6EBD0600C770BC /* VideoGallery */ = {
			isa = PBXGroup;
			children = (
				B9B4BE1E2C6EA37B00C770BC /* VideoGalleryViewController.swift */,
				B90022E02C71E3AA009F4240 /* VideoGalleryPresenter.swift */,
				B90022EA2C71EA34009F4240 /* VideoGalleryModel.swift */,
				B90022E22C71E42B009F4240 /* VideoGalleryRouter.swift */,
				B9B4BE262C6EB6E200C770BC /* VideoCell.swift */,
			);
			path = VideoGallery;
			sourceTree = "<group>";
		};
		B9E789C92C6B88DC0057901E = {
			isa = PBXGroup;
			children = (
				B9B4BE152C6E7F8100C770BC /* README.md */,
				B9E789D42C6B88DC0057901E /* MobileUpGallery */,
				B9E789D32C6B88DC0057901E /* Products */,
			);
			sourceTree = "<group>";
		};
		B9E789D32C6B88DC0057901E /* Products */ = {
			isa = PBXGroup;
			children = (
				B9E789D22C6B88DC0057901E /* MobileUpGallery.app */,
			);
			name = Products;
			sourceTree = "<group>";
		};
		B9E789D42C6B88DC0057901E /* MobileUpGallery */ = {
			isa = PBXGroup;
			children = (
				B9813DB82C6BCCE400E311F3 /* Builder.swift */,
				B9813DC02C6CB6FC00E311F3 /* Router.swift */,
				B9E789D52C6B88DC0057901E /* AppDelegate.swift */,
				B9E789D72C6B88DC0057901E /* SceneDelegate.swift */,
				B9813DB02C6BC29B00E311F3 /* Login */,
				B9B4BE1F2C6EA37B00C770BC /* GalleryContainer */,
				B9B4BE252C6EB58A00C770BC /* PhotoGallery */,
				B9B4BE282C6EBD0600C770BC /* VideoGallery */,
				B90022EC2C71EF58009F4240 /* Video */,
				B946036D2C712D400025AA3B /* Photo */,
				B9B4BE062C6D53EF00C770BC /* Services */,
				B94603742C714F810025AA3B /* Extensions */,
				B9E789DE2C6B88DE0057901E /* Assets.xcassets */,
				B9813DB12C6BCAB100E311F3 /* Strings.swift */,
				B9E789E02C6B88DE0057901E /* LaunchScreen.storyboard */,
				B9E789E32C6B88DE0057901E /* Info.plist */,
			);
			path = MobileUpGallery;
			sourceTree = "<group>";
		};
/* End PBXGroup section */

/* Begin PBXNativeTarget section */
		B9E789D12C6B88DC0057901E /* MobileUpGallery */ = {
			isa = PBXNativeTarget;
			buildConfigurationList = B9E789E62C6B88DE0057901E /* Build configuration list for PBXNativeTarget "MobileUpGallery" */;
			buildPhases = (
				B9E789CE2C6B88DC0057901E /* Sources */,
				B9E789CF2C6B88DC0057901E /* Frameworks */,
				B9E789D02C6B88DC0057901E /* Resources */,
			);
			buildRules = (
			);
			dependencies = (
			);
			name = MobileUpGallery;
			packageProductDependencies = (
				B9B4BE1A2C6E990600C770BC /* Alamofire */,
				B9B4BE2A2C6F429B00C770BC /* SnapKit */,
				B9D330402C7088D1003791C2 /* KeychainSwift */,
				B94603672C711C6C0025AA3B /* Kingfisher */,
			);
			productName = MobileUpGallery;
			productReference = B9E789D22C6B88DC0057901E /* MobileUpGallery.app */;
			productType = "com.apple.product-type.application";
		};
/* End PBXNativeTarget section */

/* Begin PBXProject section */
		B9E789CA2C6B88DC0057901E /* Project object */ = {
			isa = PBXProject;
			attributes = {
				BuildIndependentTargetsInParallel = 1;
				LastSwiftUpdateCheck = 1540;
				LastUpgradeCheck = 1540;
				TargetAttributes = {
					B9E789D12C6B88DC0057901E = {
						CreatedOnToolsVersion = 15.4;
					};
				};
			};
			buildConfigurationList = B9E789CD2C6B88DC0057901E /* Build configuration list for PBXProject "MobileUpGallery" */;
			compatibilityVersion = "Xcode 14.0";
			developmentRegion = en;
			hasScannedForEncodings = 0;
			knownRegions = (
				en,
				Base,
			);
			mainGroup = B9E789C92C6B88DC0057901E;
			packageReferences = (
				B9B4BE192C6E990600C770BC /* XCRemoteSwiftPackageReference "Alamofire" */,
				B9B4BE292C6F429B00C770BC /* XCRemoteSwiftPackageReference "SnapKit" */,
				B9D3303F2C7088D1003791C2 /* XCRemoteSwiftPackageReference "keychain-swift" */,
				B94603662C711C6C0025AA3B /* XCRemoteSwiftPackageReference "Kingfisher" */,
			);
			productRefGroup = B9E789D32C6B88DC0057901E /* Products */;
			projectDirPath = "";
			projectRoot = "";
			targets = (
				B9E789D12C6B88DC0057901E /* MobileUpGallery */,
			);
		};
/* End PBXProject section */

/* Begin PBXResourcesBuildPhase section */
		B9E789D02C6B88DC0057901E /* Resources */ = {
			isa = PBXResourcesBuildPhase;
			buildActionMask = 2147483647;
			files = (
				B9E789DF2C6B88DE0057901E /* Assets.xcassets in Resources */,
				B95A2B7B2C710606001F239D /* mockPhotos.json in Resources */,
				B9E789E22C6B88DE0057901E /* Base in Resources */,
				B90022F42C71F654009F4240 /* mockVideo.json in Resources */,
			);
			runOnlyForDeploymentPostprocessing = 0;
		};
/* End PBXResourcesBuildPhase section */

/* Begin PBXSourcesBuildPhase section */
		B9E789CE2C6B88DC0057901E /* Sources */ = {
			isa = PBXSourcesBuildPhase;
			buildActionMask = 2147483647;
			files = (
				B9B4BE202C6EA37B00C770BC /* GalleryContainerViewController.swift in Sources */,
				B90022E32C71E42B009F4240 /* VideoGalleryRouter.swift in Sources */,
				B9B4BE052C6D53E300C770BC /* AuthService.swift in Sources */,
				B9E789DA2C6B88DC0057901E /* LoginViewController.swift in Sources */,
				B9813DBB2C6BCF9700E311F3 /* LoginView.swift in Sources */,
				B9B4BE242C6EA7C800C770BC /* PhotoCell.swift in Sources */,
				B94603712C713AFC0025AA3B /* DetailPhotoModel.swift in Sources */,
				B95A2B762C70EF28001F239D /* PhotoViewController.swift in Sources */,
				B90022E52C71E5B0009F4240 /* VideoViewController.swift in Sources */,
				B9813DC12C6CB6FC00E311F3 /* Router.swift in Sources */,
				B946036F2C712DA60025AA3B /* PhotoPresenter.swift in Sources */,
				B95A2B722C70EB7C001F239D /* PhotoGalleryPresenter.swift in Sources */,
				B94603732C713CCE0025AA3B /* Date+extension.swift in Sources */,
				B946036C2C7127E10025AA3B /* UserDefaultsStorage.swift in Sources */,
				B95A2B7D2C7106E5001F239D /* PhotoResponse.swift in Sources */,
				B9E789D62C6B88DC0057901E /* AppDelegate.swift in Sources */,
				B9D330432C708B7E003791C2 /* AccessTokenResponse.swift in Sources */,
				B95A2B702C70E0AA001F239D /* AccessTokenModel.swift in Sources */,
				B9813DB22C6BCAB100E311F3 /* Strings.swift in Sources */,
				B9D330452C709C40003791C2 /* ErrorModel.swift in Sources */,
				B95A2B6C2C70C8DF001F239D /* GalleryContainerRouter.swift in Sources */,
				B95A2B742C70EBE1001F239D /* PhotoGalleryRouter.swift in Sources */,
				B9E789D82C6B88DC0057901E /* SceneDelegate.swift in Sources */,
				B90022E12C71E3AA009F4240 /* VideoGalleryPresenter.swift in Sources */,
				B946036A2C711ECD0025AA3B /* PhotoGalleryModel.swift in Sources */,
				B95A2B6A2C70C794001F239D /* GalleryContainerPresenter.swift in Sources */,
				B98803B22C72433800A3672B /* UIViewController+extension.swift in Sources */,
				B9813DBF2C6CB68800E311F3 /* LoginRouter.swift in Sources */,
				B9B4BE272C6EB6E200C770BC /* VideoCell.swift in Sources */,
				B90022EB2C71EA34009F4240 /* VideoGalleryModel.swift in Sources */,
				B90022E92C71E6E3009F4240 /* DetailVideoModel.swift in Sources */,
				B90022F32C71F654009F4240 /* VideoResponse.swift in Sources */,
				B9B4BE222C6EA37B00C770BC /* VideoGalleryViewController.swift in Sources */,
				B9813DB42C6BCC6200E311F3 /* LoginPresenter.swift in Sources */,
				B90022E72C71E671009F4240 /* VideoPresenter.swift in Sources */,
				B95A2B6E2C70DEF9001F239D /* KeychainStorage.swift in Sources */,
				B9813DB92C6BCCE400E311F3 /* Builder.swift in Sources */,
				B95A2B7F2C71081C001F239D /* NetworkService.swift in Sources */,
				B9B4BE212C6EA37B00C770BC /* PhotoGalleryViewController.swift in Sources */,
			);
			runOnlyForDeploymentPostprocessing = 0;
		};
/* End PBXSourcesBuildPhase section */

/* Begin PBXVariantGroup section */
		B9E789E02C6B88DE0057901E /* LaunchScreen.storyboard */ = {
			isa = PBXVariantGroup;
			children = (
				B9E789E12C6B88DE0057901E /* Base */,
			);
			name = LaunchScreen.storyboard;
			sourceTree = "<group>";
		};
/* End PBXVariantGroup section */

/* Begin XCBuildConfiguration section */
		B9E789E42C6B88DE0057901E /* Debug */ = {
			isa = XCBuildConfiguration;
			buildSettings = {
				ALWAYS_SEARCH_USER_PATHS = NO;
				ASSETCATALOG_COMPILER_GENERATE_SWIFT_ASSET_SYMBOL_EXTENSIONS = YES;
				CLANG_ANALYZER_NONNULL = YES;
				CLANG_ANALYZER_NUMBER_OBJECT_CONVERSION = YES_AGGRESSIVE;
				CLANG_CXX_LANGUAGE_STANDARD = "gnu++20";
				CLANG_ENABLE_MODULES = YES;
				CLANG_ENABLE_OBJC_ARC = YES;
				CLANG_ENABLE_OBJC_WEAK = YES;
				CLANG_WARN_BLOCK_CAPTURE_AUTORELEASING = YES;
				CLANG_WARN_BOOL_CONVERSION = YES;
				CLANG_WARN_COMMA = YES;
				CLANG_WARN_CONSTANT_CONVERSION = YES;
				CLANG_WARN_DEPRECATED_OBJC_IMPLEMENTATIONS = YES;
				CLANG_WARN_DIRECT_OBJC_ISA_USAGE = YES_ERROR;
				CLANG_WARN_DOCUMENTATION_COMMENTS = YES;
				CLANG_WARN_EMPTY_BODY = YES;
				CLANG_WARN_ENUM_CONVERSION = YES;
				CLANG_WARN_INFINITE_RECURSION = YES;
				CLANG_WARN_INT_CONVERSION = YES;
				CLANG_WARN_NON_LITERAL_NULL_CONVERSION = YES;
				CLANG_WARN_OBJC_IMPLICIT_RETAIN_SELF = YES;
				CLANG_WARN_OBJC_LITERAL_CONVERSION = YES;
				CLANG_WARN_OBJC_ROOT_CLASS = YES_ERROR;
				CLANG_WARN_QUOTED_INCLUDE_IN_FRAMEWORK_HEADER = YES;
				CLANG_WARN_RANGE_LOOP_ANALYSIS = YES;
				CLANG_WARN_STRICT_PROTOTYPES = YES;
				CLANG_WARN_SUSPICIOUS_MOVE = YES;
				CLANG_WARN_UNGUARDED_AVAILABILITY = YES_AGGRESSIVE;
				CLANG_WARN_UNREACHABLE_CODE = YES;
				CLANG_WARN__DUPLICATE_METHOD_MATCH = YES;
				COPY_PHASE_STRIP = NO;
				DEBUG_INFORMATION_FORMAT = dwarf;
				ENABLE_STRICT_OBJC_MSGSEND = YES;
				ENABLE_TESTABILITY = YES;
				ENABLE_USER_SCRIPT_SANDBOXING = YES;
				GCC_C_LANGUAGE_STANDARD = gnu17;
				GCC_DYNAMIC_NO_PIC = NO;
				GCC_NO_COMMON_BLOCKS = YES;
				GCC_OPTIMIZATION_LEVEL = 0;
				GCC_PREPROCESSOR_DEFINITIONS = (
					"DEBUG=1",
					"$(inherited)",
				);
				GCC_WARN_64_TO_32_BIT_CONVERSION = YES;
				GCC_WARN_ABOUT_RETURN_TYPE = YES_ERROR;
				GCC_WARN_UNDECLARED_SELECTOR = YES;
				GCC_WARN_UNINITIALIZED_AUTOS = YES_AGGRESSIVE;
				GCC_WARN_UNUSED_FUNCTION = YES;
				GCC_WARN_UNUSED_VARIABLE = YES;
				IPHONEOS_DEPLOYMENT_TARGET = 17.5;
				LOCALIZATION_PREFERS_STRING_CATALOGS = YES;
				MTL_ENABLE_DEBUG_INFO = INCLUDE_SOURCE;
				MTL_FAST_MATH = YES;
				ONLY_ACTIVE_ARCH = YES;
				SDKROOT = iphoneos;
				SWIFT_ACTIVE_COMPILATION_CONDITIONS = "DEBUG $(inherited)";
				SWIFT_OPTIMIZATION_LEVEL = "-Onone";
			};
			name = Debug;
		};
		B9E789E52C6B88DE0057901E /* Release */ = {
			isa = XCBuildConfiguration;
			buildSettings = {
				ALWAYS_SEARCH_USER_PATHS = NO;
				ASSETCATALOG_COMPILER_GENERATE_SWIFT_ASSET_SYMBOL_EXTENSIONS = YES;
				CLANG_ANALYZER_NONNULL = YES;
				CLANG_ANALYZER_NUMBER_OBJECT_CONVERSION = YES_AGGRESSIVE;
				CLANG_CXX_LANGUAGE_STANDARD = "gnu++20";
				CLANG_ENABLE_MODULES = YES;
				CLANG_ENABLE_OBJC_ARC = YES;
				CLANG_ENABLE_OBJC_WEAK = YES;
				CLANG_WARN_BLOCK_CAPTURE_AUTORELEASING = YES;
				CLANG_WARN_BOOL_CONVERSION = YES;
				CLANG_WARN_COMMA = YES;
				CLANG_WARN_CONSTANT_CONVERSION = YES;
				CLANG_WARN_DEPRECATED_OBJC_IMPLEMENTATIONS = YES;
				CLANG_WARN_DIRECT_OBJC_ISA_USAGE = YES_ERROR;
				CLANG_WARN_DOCUMENTATION_COMMENTS = YES;
				CLANG_WARN_EMPTY_BODY = YES;
				CLANG_WARN_ENUM_CONVERSION = YES;
				CLANG_WARN_INFINITE_RECURSION = YES;
				CLANG_WARN_INT_CONVERSION = YES;
				CLANG_WARN_NON_LITERAL_NULL_CONVERSION = YES;
				CLANG_WARN_OBJC_IMPLICIT_RETAIN_SELF = YES;
				CLANG_WARN_OBJC_LITERAL_CONVERSION = YES;
				CLANG_WARN_OBJC_ROOT_CLASS = YES_ERROR;
				CLANG_WARN_QUOTED_INCLUDE_IN_FRAMEWORK_HEADER = YES;
				CLANG_WARN_RANGE_LOOP_ANALYSIS = YES;
				CLANG_WARN_STRICT_PROTOTYPES = YES;
				CLANG_WARN_SUSPICIOUS_MOVE = YES;
				CLANG_WARN_UNGUARDED_AVAILABILITY = YES_AGGRESSIVE;
				CLANG_WARN_UNREACHABLE_CODE = YES;
				CLANG_WARN__DUPLICATE_METHOD_MATCH = YES;
				COPY_PHASE_STRIP = NO;
				DEBUG_INFORMATION_FORMAT = "dwarf-with-dsym";
				ENABLE_NS_ASSERTIONS = NO;
				ENABLE_STRICT_OBJC_MSGSEND = YES;
				ENABLE_USER_SCRIPT_SANDBOXING = YES;
				GCC_C_LANGUAGE_STANDARD = gnu17;
				GCC_NO_COMMON_BLOCKS = YES;
				GCC_WARN_64_TO_32_BIT_CONVERSION = YES;
				GCC_WARN_ABOUT_RETURN_TYPE = YES_ERROR;
				GCC_WARN_UNDECLARED_SELECTOR = YES;
				GCC_WARN_UNINITIALIZED_AUTOS = YES_AGGRESSIVE;
				GCC_WARN_UNUSED_FUNCTION = YES;
				GCC_WARN_UNUSED_VARIABLE = YES;
				IPHONEOS_DEPLOYMENT_TARGET = 17.5;
				LOCALIZATION_PREFERS_STRING_CATALOGS = YES;
				MTL_ENABLE_DEBUG_INFO = NO;
				MTL_FAST_MATH = YES;
				SDKROOT = iphoneos;
				SWIFT_COMPILATION_MODE = wholemodule;
				VALIDATE_PRODUCT = YES;
			};
			name = Release;
		};
		B9E789E72C6B88DE0057901E /* Debug */ = {
			isa = XCBuildConfiguration;
			buildSettings = {
				ASSETCATALOG_COMPILER_APPICON_NAME = AppIcon;
				ASSETCATALOG_COMPILER_GLOBAL_ACCENT_COLOR_NAME = AccentColor;
				CODE_SIGN_STYLE = Automatic;
				CURRENT_PROJECT_VERSION = 1;
				GENERATE_INFOPLIST_FILE = YES;
				INFOPLIST_FILE = MobileUpGallery/Info.plist;
				INFOPLIST_KEY_UIApplicationSupportsIndirectInputEvents = YES;
				INFOPLIST_KEY_UILaunchStoryboardName = LaunchScreen;
				INFOPLIST_KEY_UISupportedInterfaceOrientations = UIInterfaceOrientationPortrait;
				INFOPLIST_KEY_UISupportedInterfaceOrientations_iPad = "UIInterfaceOrientationLandscapeLeft UIInterfaceOrientationLandscapeRight UIInterfaceOrientationPortrait UIInterfaceOrientationPortraitUpsideDown";
				IPHONEOS_DEPLOYMENT_TARGET = 15.0;
				LD_RUNPATH_SEARCH_PATHS = (
					"$(inherited)",
					"@executable_path/Frameworks",
				);
				MARKETING_VERSION = 1.0;
				PRODUCT_BUNDLE_IDENTIFIER = NataliaLuzyanina.MobileUpGallery;
				PRODUCT_NAME = "$(TARGET_NAME)";
				SUPPORTED_PLATFORMS = "iphoneos iphonesimulator";
				SUPPORTS_MACCATALYST = NO;
				SUPPORTS_MAC_DESIGNED_FOR_IPHONE_IPAD = NO;
				SUPPORTS_XR_DESIGNED_FOR_IPHONE_IPAD = NO;
				SWIFT_EMIT_LOC_STRINGS = YES;
				SWIFT_VERSION = 5.0;
				TARGETED_DEVICE_FAMILY = 1;
			};
			name = Debug;
		};
		B9E789E82C6B88DE0057901E /* Release */ = {
			isa = XCBuildConfiguration;
			buildSettings = {
				ASSETCATALOG_COMPILER_APPICON_NAME = AppIcon;
				ASSETCATALOG_COMPILER_GLOBAL_ACCENT_COLOR_NAME = AccentColor;
				CODE_SIGN_STYLE = Automatic;
				CURRENT_PROJECT_VERSION = 1;
				GENERATE_INFOPLIST_FILE = YES;
				INFOPLIST_FILE = MobileUpGallery/Info.plist;
				INFOPLIST_KEY_UIApplicationSupportsIndirectInputEvents = YES;
				INFOPLIST_KEY_UILaunchStoryboardName = LaunchScreen;
				INFOPLIST_KEY_UISupportedInterfaceOrientations = UIInterfaceOrientationPortrait;
				INFOPLIST_KEY_UISupportedInterfaceOrientations_iPad = "UIInterfaceOrientationLandscapeLeft UIInterfaceOrientationLandscapeRight UIInterfaceOrientationPortrait UIInterfaceOrientationPortraitUpsideDown";
				IPHONEOS_DEPLOYMENT_TARGET = 15.0;
				LD_RUNPATH_SEARCH_PATHS = (
					"$(inherited)",
					"@executable_path/Frameworks",
				);
				MARKETING_VERSION = 1.0;
				PRODUCT_BUNDLE_IDENTIFIER = NataliaLuzyanina.MobileUpGallery;
				PRODUCT_NAME = "$(TARGET_NAME)";
				SUPPORTED_PLATFORMS = "iphoneos iphonesimulator";
				SUPPORTS_MACCATALYST = NO;
				SUPPORTS_MAC_DESIGNED_FOR_IPHONE_IPAD = NO;
				SUPPORTS_XR_DESIGNED_FOR_IPHONE_IPAD = NO;
				SWIFT_EMIT_LOC_STRINGS = YES;
				SWIFT_VERSION = 5.0;
				TARGETED_DEVICE_FAMILY = 1;
			};
			name = Release;
		};
/* End XCBuildConfiguration section */

/* Begin XCConfigurationList section */
		B9E789CD2C6B88DC0057901E /* Build configuration list for PBXProject "MobileUpGallery" */ = {
			isa = XCConfigurationList;
			buildConfigurations = (
				B9E789E42C6B88DE0057901E /* Debug */,
				B9E789E52C6B88DE0057901E /* Release */,
			);
			defaultConfigurationIsVisible = 0;
			defaultConfigurationName = Release;
		};
		B9E789E62C6B88DE0057901E /* Build configuration list for PBXNativeTarget "MobileUpGallery" */ = {
			isa = XCConfigurationList;
			buildConfigurations = (
				B9E789E72C6B88DE0057901E /* Debug */,
				B9E789E82C6B88DE0057901E /* Release */,
			);
			defaultConfigurationIsVisible = 0;
			defaultConfigurationName = Release;
		};
/* End XCConfigurationList section */

/* Begin XCRemoteSwiftPackageReference section */
		B94603662C711C6C0025AA3B /* XCRemoteSwiftPackageReference "Kingfisher" */ = {
			isa = XCRemoteSwiftPackageReference;
			repositoryURL = "https://github.com/onevcat/Kingfisher.git";
			requirement = {
				kind = upToNextMajorVersion;
				minimumVersion = 7.12.0;
			};
		};
		B9B4BE192C6E990600C770BC /* XCRemoteSwiftPackageReference "Alamofire" */ = {
			isa = XCRemoteSwiftPackageReference;
			repositoryURL = "https://github.com/Alamofire/Alamofire.git";
			requirement = {
				kind = upToNextMajorVersion;
				minimumVersion = 5.9.1;
			};
		};
		B9B4BE292C6F429B00C770BC /* XCRemoteSwiftPackageReference "SnapKit" */ = {
			isa = XCRemoteSwiftPackageReference;
			repositoryURL = "https://github.com/SnapKit/SnapKit.git";
			requirement = {
				kind = upToNextMajorVersion;
				minimumVersion = 5.7.1;
			};
		};
		B9D3303F2C7088D1003791C2 /* XCRemoteSwiftPackageReference "keychain-swift" */ = {
			isa = XCRemoteSwiftPackageReference;
			repositoryURL = "https://github.com/evgenyneu/keychain-swift.git";
			requirement = {
				kind = upToNextMajorVersion;
				minimumVersion = 24.0.0;
			};
		};
/* End XCRemoteSwiftPackageReference section */

/* Begin XCSwiftPackageProductDependency section */
		B94603672C711C6C0025AA3B /* Kingfisher */ = {
			isa = XCSwiftPackageProductDependency;
			package = B94603662C711C6C0025AA3B /* XCRemoteSwiftPackageReference "Kingfisher" */;
			productName = Kingfisher;
		};
		B9B4BE1A2C6E990600C770BC /* Alamofire */ = {
			isa = XCSwiftPackageProductDependency;
			package = B9B4BE192C6E990600C770BC /* XCRemoteSwiftPackageReference "Alamofire" */;
			productName = Alamofire;
		};
		B9B4BE2A2C6F429B00C770BC /* SnapKit */ = {
			isa = XCSwiftPackageProductDependency;
			package = B9B4BE292C6F429B00C770BC /* XCRemoteSwiftPackageReference "SnapKit" */;
			productName = SnapKit;
		};
		B9D330402C7088D1003791C2 /* KeychainSwift */ = {
			isa = XCSwiftPackageProductDependency;
			package = B9D3303F2C7088D1003791C2 /* XCRemoteSwiftPackageReference "keychain-swift" */;
			productName = KeychainSwift;
		};
/* End XCSwiftPackageProductDependency section */
	};
	rootObject = B9E789CA2C6B88DC0057901E /* Project object */;
}
